
Microsoft Visual Studio Solution File, Format Version 12.00
# Visual Studio Version 16
VisualStudioVersion = 16.0.31729.503
MinimumVisualStudioVersion = 10.0.40219.1
Project("{FAE04EC0-301F-11D3-BF4B-00C04F79EFBC}") = "appTeste", "appTeste\appTeste.csproj", "{8E2F12FF-105D-454B-9565-DF7C8AC7281F}"
EndProject
Global
	GlobalSection(SolutionConfigurationPlatforms) = preSolution
		Debug|Any CPU = Debug|Any CPU
		Release|Any CPU = Release|Any CPU
	EndGlobalSection
	GlobalSection(ProjectConfigurationPlatforms) = postSolution
		{8E2F12FF-105D-454B-9565-DF7C8AC7281F}.Debug|Any CPU.ActiveCfg = Debug|Any CPU
		{8E2F12FF-105D-454B-9565-DF7C8AC7281F}.Debug|Any CPU.Build.0 = Debug|Any CPU
		{8E2F12FF-105D-454B-9565-DF7C8AC7281F}.Release|Any CPU.ActiveCfg = Release|Any CPU
		{8E2F12FF-105D-454B-9565-DF7C8AC7281F}.Release|Any CPU.Build.0 = Release|Any CPU
	EndGlobalSection
	GlobalSection(SolutionProperties) = preSolution
		HideSolutionNode = FALSE
	EndGlobalSection
	GlobalSection(ExtensibilityGlobals) = postSolution
		SolutionGuid = {C33236D7-367D-4585-9663-2DC59FAA16D3}
	EndGlobalSection
EndGlobal
