
Microsoft Visual Studio Solution File, Format Version 12.00
# Visual Studio Version 16
VisualStudioVersion = 16.0.31729.503
MinimumVisualStudioVersion = 10.0.40219.1
Project("{FAE04EC0-301F-11D3-BF4B-00C04F79EFBC}") = "APICatalogojogos", "APICatalogojogos\APICatalogojogos.csproj", "{B55FC207-B0B7-4344-AFE6-8792F3DF38D6}"
EndProject
Project("{2150E333-8FDC-42A3-9474-1A3956D46DE8}") = "Solution Items", "Solution Items", "{F93BA756-BF04-40A1-AAAD-2B45A5FE1AA4}"
	ProjectSection(SolutionItems) = preProject
		.editorconfig = .editorconfig
	EndProjectSection
EndProject
Global
	GlobalSection(SolutionConfigurationPlatforms) = preSolution
		Debug|Any CPU = Debug|Any CPU
		Release|Any CPU = Release|Any CPU
	EndGlobalSection
	GlobalSection(ProjectConfigurationPlatforms) = postSolution
		{B55FC207-B0B7-4344-AFE6-8792F3DF38D6}.Debug|Any CPU.ActiveCfg = Debug|Any CPU
		{B55FC207-B0B7-4344-AFE6-8792F3DF38D6}.Debug|Any CPU.Build.0 = Debug|Any CPU
		{B55FC207-B0B7-4344-AFE6-8792F3DF38D6}.Release|Any CPU.ActiveCfg = Release|Any CPU
		{B55FC207-B0B7-4344-AFE6-8792F3DF38D6}.Release|Any CPU.Build.0 = Release|Any CPU
	EndGlobalSection
	GlobalSection(SolutionProperties) = preSolution
		HideSolutionNode = FALSE
	EndGlobalSection
	GlobalSection(ExtensibilityGlobals) = postSolution
		SolutionGuid = {3AA887D2-9510-4621-B543-E954331DBF1B}
	EndGlobalSection
EndGlobal
